{
  "pins" : [
    {
      "identity" : "executorch",
      "kind" : "remoteSourceControl",
      "location" : "https://github.com/pytorch/executorch.git",
      "state" : {
        "branch" : "swiftpm-0.7.0",
        "revision" : "2da89130e5e791959f2a3b2a796a54ecac9c545f"
      }
    }
  ],
  "version" : 2
}
