PODS:
  - executorch_flutter (0.1.1):
    - FlutterMacOS
  - FlutterMacOS (1.0.0)

DEPENDENCIES:
  - executorch_flutter (from `Flutter/ephemeral/.symlinks/plugins/executorch_flutter/macos`)
  - FlutterMacOS (from `Flutter/ephemeral`)

EXTERNAL SOURCES:
  executorch_flutter:
    :path: Flutter/ephemeral/.symlinks/plugins/executorch_flutter/macos
  FlutterMacOS:
    :path: Flutter/ephemeral

SPEC CHECKSUMS:
  executorch_flutter: d0cb1f5e60dbd62ff1d1e416289c64f2dcb74ac2
  FlutterMacOS: d0db08ddef1a9af05a5ec4b724367152bb0500b1

PODFILE CHECKSUM: 346bfb2deb41d4a6ebd6f6799f92188bde2d246f

COCOAPODS: 1.16.2
