{
  "pins" : [
    {
      "identity" : "executorch",
      "kind" : "remoteSourceControl",
      "location" : "https://github.com/pytorch/executorch.git",
      "state" : {
        "branch" : "swiftpm-1.0.0",
        "revision" : "0c891c612ce65b95d7589650d8af51b475f89aab"
      }
    }
  ],
  "version" : 2
}
